# THIS IS AN AUTOGENERATED FILE. DO NOT EDIT THIS FILE DIRECTLY.
layout/theme.liquid:
  development: 2018-03-07T16:32:18+08:00   3e0b974b0c4bf78a34dc36bea2e99978
snippets/delivery-date-time.liquid:
  development: 2018-03-07T19:42:36+08:00   8f40696e0715b3e68b48482e397b45a3
snippets/hear-about-us.liquid:
  development: 2018-03-07T17:13:52+08:00   49c87b355ac2711f52048420cf65ce23
templates/cart.liquid:
  development: 2018-03-07T16:32:20+08:00   e75a8891984ce293cd25e9ac9af47ba3
