# THIS IS AN AUTOGENERATED FILE. DO NOT EDIT THIS FILE DIRECTLY.
assets/_jqueryzoom.js:
  development: 2018-02-19T18:22:24+08:00   3cb69231edfa080dec841f403f1c752e
assets/ElegantIcons.eot:
  development: 2018-02-12T20:11:41+08:00   d72ad3f702b9f23540e8ed78b4b65749
assets/ElegantIcons.svg:
  development: 2018-02-19T18:23:14+08:00   7de9c3245a978281563254bb2cf4cf3e
assets/ElegantIcons.ttf:
  development: 2018-02-12T20:11:41+08:00   f9d179f59b0878ffcd32a5b3c8ae9c62
assets/ElegantIcons.woff:
  development: 2018-02-12T20:11:41+08:00   fdd9e757bf61675343dcf55100422b84
assets/FontAwesome.otf:
  development: 2018-02-12T20:11:42+08:00   668743fe7258676f8ef8f9b47d2a623e
assets/ajax.jquery.js:
  development: 2018-02-12T20:11:42+08:00   41c295b5a9c46cf5545e1c4e3b326105
assets/animate.css:
  development: 2018-02-19T18:24:03+08:00   2742964ebb01d2ce117e28ea498f6f87
assets/bannereditor.css:
  development: 2018-02-19T18:23:53+08:00   bd130ef595013d2ae5fba3a46a110165
assets/beige.png:
  development: 2018-02-12T20:11:43+08:00   e8d1e02a2ca6bd1365546606bb6efcb6
assets/bg-body.jpg:
  development: 2018-02-12T20:11:43+08:00   b5162d703bd02e049f6341c161996e93
assets/bg-body.png:
  development: 2018-02-12T20:11:43+08:00   53d37a8b823d0165346a5f8713cfff30
assets/bg-news.png:
  development: 2018-02-12T20:11:43+08:00   c046f31eb109788d2f73f140220668fa
assets/bg_about_banner.jpg:
  development: 2018-02-12T20:11:43+08:00   8fcd08136a44f0190bc9f5db9d74509d
assets/bkg-newsletter.jpg:
  development: 2018-02-12T20:11:43+08:00   e9e2485e7d184ce5d0c5f28b0a077947
assets/black.png:
  development: 2018-02-12T20:11:43+08:00   b8dcc48fb4bec22f1f900cdf3618def1
assets/blank.gif:
  development: 2018-02-12T20:11:44+08:00   325472601571f31e1bf00674c368d335
assets/blank.png:
  development: 2018-02-12T20:11:44+08:00   947f17f65f8d60dc5f66235e1bb866f5
assets/blog_banner_image.jpg:
  development: 2018-02-12T20:11:44+08:00   c6e3564c15240be0036fbf5376f9a099
assets/blog_image_aboutme.jpg:
  development: 2018-02-12T20:11:44+08:00   088eca63c1568f3b734483937f5f58e5
assets/blue.png:
  development: 2018-02-12T20:11:44+08:00   50dbb543d8d663d140ba1bf0ec76d901
assets/bootstrap-rtl.min.css:
  development: 2018-02-19T18:23:56+08:00   a8f93bf340474b8180059adb33a72e1f
assets/bootstrap.min.css:
  development: 2018-02-19T18:22:36+08:00   c3d736f4400b9451e591ff09606d7af0
assets/bootstrap.min.js:
  development: 2018-02-19T18:24:53+08:00   d1ea2970e53802116381cfd3f61a747a
assets/box-shadow-mobile.png:
  development: 2018-02-12T20:11:45+08:00   e0ff704eba2bc0223e292cae59fb555f
assets/btn-cart01.png:
  development: 2018-02-12T20:11:45+08:00   3155d5dd3d0a51298e50cb8c3b55572f
assets/btn-product.png:
  development: 2018-02-12T20:11:45+08:00   36b8f2d49e4f75131c3e1ea35b87769f
assets/btn-remove01.png:
  development: 2018-02-12T20:11:45+08:00   163ba8e6026050c121fd7150dc4c1ba5
assets/btn-sidebar.png:
  development: 2018-02-12T20:11:46+08:00   be8ab0fdc419d3dcdd4b050a3bacad67
assets/buddha-megamenu.css:
  development: 2018-02-12T20:11:46+08:00   72115efbf0ee1a10f16806902573938e
assets/buddha-megamenu.js.liquid:
  development: 2018-02-12T20:11:46+08:00   d804070b0cfa3f395ddeb78bc6a41299
assets/cart_ic.png:
  development: 2018-02-12T20:11:46+08:00   7526069d22e93ad4f89195886dfeea31
assets/check-check.png:
  development: 2018-02-12T20:11:46+08:00   6dcaceb2e9929ed2a9a36074735876f1
assets/checked.png:
  development: 2018-02-12T20:11:46+08:00   2a8fb3f2cd2748f3203176dc72874ce4
assets/checked12.png:
  development: 2018-02-12T20:11:46+08:00   32f0b3e7dcf11c4e17d958969613ce3b
assets/checkout.css.liquid:
  development: 2018-02-19T18:24:12+08:00   0edcebf7b35e0a3efbcdc80a8d465ce7
assets/checkout.scss.liquid:
  development: 2018-02-19T18:24:08+08:00   222e20165fb918522d08bc2181a41278
assets/checkout_header_image.jpg:
  development: 2018-02-12T20:11:47+08:00   5a0039fb87e7bfcbdbd5776fbd2ef7f6
assets/checkout_logo.png:
  development: 2018-02-12T20:11:47+08:00   50c0747832e7e3a54323b7a0a7069385
assets/classie.js:
  development: 2018-02-19T18:23:34+08:00   0e1d5da2a0f11f2fd211e09a37b58538
assets/cleversoft-lang2.js:
  development: 2018-02-19T18:24:22+08:00   13d09efd2bbe9d1ac85f6fc8c656e8f3
assets/cleversoft.eot:
  development: 2018-02-12T20:11:47+08:00   9eb15979aa7e5933135668a27f853e0b
assets/cleversoft.svg:
  development: 2018-02-19T18:22:38+08:00   700f0ab04005a22d94c86252a9af6978
assets/cleversoft.ttf:
  development: 2018-02-12T20:11:48+08:00   a453258d54e3a3fb66113f64f266c91d
assets/cleversoft.woff:
  development: 2018-02-12T20:11:48+08:00   fde3130fd5e92b308d770e3f53d27686
assets/cleversoft.woff2:
  development: 2018-02-12T20:11:48+08:00   354c824f7f53ddf51886becc8a845f2e
assets/cleversoft_font.css:
  development: 2018-02-19T18:25:12+08:00   6e64817ca31fe2ab5ea53a02ffcbc73a
assets/color-1.png:
  development: 2018-02-12T20:11:49+08:00   e8d1e02a2ca6bd1365546606bb6efcb6
assets/color-2.png:
  development: 2018-02-12T20:11:49+08:00   d70bd70deb32832540e62c8c43303a3c
assets/color-3.png:
  development: 2018-02-12T20:11:49+08:00   f7672da2875f92f2891dc658c26f39b9
assets/color-4.png:
  development: 2018-02-12T20:11:49+08:00   7178a47a9945d7d8454916519f8e898c
assets/color-5.png:
  development: 2018-02-12T20:11:50+08:00   b89e360dcbad7d938e8e4d60208a87f4
assets/color-6.png:
  development: 2018-02-12T20:11:50+08:00   50dbb543d8d663d140ba1bf0ec76d901
assets/color-7.png:
  development: 2018-02-12T20:11:50+08:00   5754eda03df4fe55861a22e9944aed3d
assets/color-8.png:
  development: 2018-02-12T20:11:50+08:00   b8dcc48fb4bec22f1f900cdf3618def1
assets/color-9.png:
  development: 2018-02-12T20:11:50+08:00   2175dbcc0554200e93395cf68419390f
assets/component.css:
  development: 2018-02-19T18:22:28+08:00   ba0590163e94524b5c073e7e48f50b03
assets/currencies_img_1.png:
  development: 2018-02-12T20:11:50+08:00   46aff99f5a761fadf889ba0b7454d604
assets/currencies_img_2.png:
  development: 2018-02-12T20:11:51+08:00   39cdce2b0e5994533b960764e2dc4435
assets/currency-flags-small.png:
  development: 2018-02-12T20:11:51+08:00   b3426b0214692d64910c1f2a329b6e0d
assets/currency-flags.png:
  development: 2018-02-12T20:11:51+08:00   59d3e93fa0a48bdc2eecb0d6bed1e7b9
assets/dark.css.liquid:
  development: 2018-02-19T18:22:40+08:00   9d2a0ca377384af87f454978e5c1aadf
assets/doubly.js:
  development: 2018-02-19T18:23:43+08:00   a544a310d8b9ba17a0dbd93b763eec89
assets/elegantfont.css:
  development: 2018-02-19T18:25:00+08:00   d67bc23b6251c5566880d9cd7d7f0204
assets/fancybox_loading.gif:
  development: 2018-02-12T20:11:52+08:00   328cc0f6c78211485058d460e80f4fa8
assets/fancybox_overlay.png:
  development: 2018-02-12T20:11:52+08:00   77aeaa52715b898b73c74d68c630330e
assets/fancybox_sprite.png:
  development: 2018-02-12T20:11:52+08:00   783d4031fe50c3d83c960911e1fbc705
assets/favicon.png:
  development: 2018-02-12T20:11:53+08:00   cc4cae501fb471ab6280d7a7cd75e527
assets/flag-1.png:
  development: 2018-02-12T20:11:53+08:00   bf1960ad270ce72af5832e2661eb34f4
assets/flag-2.png:
  development: 2018-02-12T20:11:53+08:00   ffce5e64df4d367a20e1ef4033f60257
assets/flag-3.png:
  development: 2018-02-12T20:11:53+08:00   3d26278264bf370ee65148c1e385405e
assets/flag-4.png:
  development: 2018-02-12T20:11:53+08:00   968591e0050981be9fa94bd2597afb48
assets/flexslider.js:
  development: 2018-02-12T20:11:53+08:00   78eda490621aff73ed6a95a39354a2fc
assets/font-awesome.min.css:
  development: 2018-02-19T18:22:43+08:00   10acda200bec80c774578b3e1280ea92
assets/fontawesome-webfont.eot:
  development: 2018-02-12T20:11:54+08:00   45c73723862c6fc5eb3d6961db2d71fb
assets/fontawesome-webfont.svg:
  development: 2018-02-19T18:23:01+08:00   f8c0645fc719130835622e71478843ea
assets/fontawesome-webfont.ttf:
  development: 2018-02-12T20:11:54+08:00   7c87870ab40d63cfb8870c1f183f9939
assets/fontawesome-webfont.woff:
  development: 2018-02-12T20:11:54+08:00   dfb02f8f6d0cedc009ee5887cc68f1f3
assets/fontawesome-webfont.woff2:
  development: 2018-02-12T20:11:55+08:00   4b5a84aaf1c9485e060c503a0ff8cadb
assets/footer-paypal-1.png:
  development: 2018-02-12T20:11:55+08:00   f07f3cafc39525c1fdc3099fcbef2689
assets/footer-paypal-2.png:
  development: 2018-02-12T20:11:55+08:00   7870c28a4dd40c7496aa8e259c09975b
assets/footer-paypal-3.png:
  development: 2018-02-12T20:11:55+08:00   7e4beb276884bad73ccf59d9f8906a36
assets/footer-paypal-4.png:
  development: 2018-02-12T20:11:55+08:00   e5fe5e9e6ba42679b601e1b300407826
assets/footer-paypal-5.png:
  development: 2018-02-12T20:11:55+08:00   322006f2e83ac7c20c3c838dc61527c4
assets/footer-paypal-6.png:
  development: 2018-02-12T20:11:55+08:00   dce50f13afa8c2da49b592d9a5d6b40c
assets/footer_icon_top.png:
  development: 2018-02-12T20:11:56+08:00   54162682ac2f6eec3661dd34fcb98685
assets/front-end.js:
  development: 2018-02-19T18:22:57+08:00   bb9fc8c0f39e66c09238d8249dada6a6
assets/ginit.js:
  development: 2018-02-12T20:11:56+08:00   e5d66bf2695e62d32acbe019920bc4a7
assets/gosh-scrip.js:
  development: 2018-02-19T18:22:55+08:00   9ef99f1b8bc870e6ba9b2d08ec83c3db
assets/gray.png:
  development: 2018-02-12T20:11:56+08:00   5754eda03df4fe55861a22e9944aed3d
assets/green.png:
  development: 2018-02-12T20:11:57+08:00   2175dbcc0554200e93395cf68419390f
assets/handlebars.min.js:
  development: 2018-02-19T18:23:27+08:00   bbdc800cc5783cc9c0e5fdd47196d506
assets/i-comment.jpg:
  development: 2018-02-12T20:11:57+08:00   f6b55e27d9b4a26ddd9f2e4747e98ed2
assets/ico-view.png:
  development: 2018-02-12T20:11:57+08:00   a86373c052dac454fec0ce19256ca240
assets/icon-customers.png:
  development: 2018-02-12T20:11:57+08:00   40e9a151576aee28d186bfb9f67f1b03
assets/icon-customers_2x.png:
  development: 2018-02-12T20:11:57+08:00   60a567ca4961448ebde9430efded78a0
assets/icon-megamenu.png:
  development: 2018-02-12T20:11:58+08:00   b77dd7bed61572cfee4199bb24519f45
assets/icon-menu.png:
  development: 2018-02-12T20:11:58+08:00   1fd363b5901a6eed2755f0c040915021
assets/icon-share01.png:
  development: 2018-02-12T20:11:58+08:00   769b40643f36f3a67bbef1f51c758926
assets/icons_new14.png:
  development: 2018-02-12T20:11:58+08:00   0c4c3c5473eb0cb5a555fe64984fda87
assets/image_category.jpg:
  development: 2018-02-12T20:11:58+08:00   afd41c94d64635fb3109aeaa38969308
assets/images-our-team1.jpg:
  development: 2018-02-12T20:11:59+08:00   be1bc05b3b9121c70bdc7365a9b60841
assets/images-our-team2.jpg:
  development: 2018-02-12T20:11:59+08:00   298ec62628e0b29dc34f25b32c78be16
assets/images-our-team3.jpg:
  development: 2018-02-12T20:11:59+08:00   4e03342b33685d6ba1cacbf5e7eaee76
assets/instafeed.min.js:
  development: 2018-02-19T18:23:25+08:00   62b91854f390919c2eb1a7b62e0140f4
assets/isotope-collection.js:
  development: 2018-02-19T18:23:21+08:00   0f6368ed76d10f0fcab63882b3e61d54
assets/isotope.pkgd.min.js:
  development: 2018-02-19T18:23:45+08:00   d0a5696af52fa67de2ef083e82529ef3
assets/jquery-cookie.min.js:
  development: 2018-02-12T20:12:00+08:00   9bf5c67d44d31905e57b1d1d6a7fcec0
assets/jquery-ui.js:
  development: 2018-02-19T18:23:18+08:00   43109e12e36805738ddf8deca737c53b
assets/jquery-ui.min.js:
  development: 2018-02-19T18:23:00+08:00   56f501a6ec57f875d227328f1a568a2b
assets/jquery.cart.min.js:
  development: 2018-02-19T18:23:10+08:00   cb906043e02168a189d52bc76b098ab8
assets/jquery.countdown.js:
  development: 2018-02-19T18:23:14+08:00   a23a1e4799026b4499528396331a2e8a
assets/jquery.currencies.min.js:
  development: 2018-02-19T18:23:07+08:00   706964721008f69b9e8d646c8d2f5439
assets/jquery.cycle.all.js:
  development: 2018-02-19T18:22:56+08:00   d09b2afd825d0397d667087a9b46c704
assets/jquery.elevateZoom-3.0.8.min.js:
  development: 2018-02-19T18:25:05+08:00   cd5964d9a66ee7a27fc020263952f967
assets/jquery.fakecrop.js:
  development: 2018-02-19T18:23:15+08:00   9e71410c8e01bb97a3fefe45f14202ed
assets/jquery.fancybox.css:
  development: 2018-02-19T18:23:00+08:00   9d8eb25c8049bab5d83d4b56aca56fc8
assets/jquery.fancybox.pack.js:
  development: 2018-02-19T18:23:36+08:00   4c4fbf3c03a20475fb48e9fbf134883f
assets/jquery.flexslider-min.js:
  development: 2018-02-19T18:23:58+08:00   25d380c020bd22edefe05cde11e6515b
assets/jquery.fullPage.js:
  development: 2018-02-19T18:25:14+08:00   57222b16d48dd52dd960d9994230cb53
assets/jquery.history.js:
  development: 2018-02-12T20:12:02+08:00   85b23b30cba499edfb22ad402f3d5d2b
assets/jquery.jcarousel.latest.min.js:
  development: 2018-02-12T20:12:02+08:00   6221a71cb6ea4433a3aa9beddabbef4d
assets/jquery.magnific-popup.js:
  development: 2018-02-19T18:22:55+08:00   f936d9e80ef2e87cc6517e7f0b9fa38f
assets/jquery.pick.js:
  development: 2018-02-19T18:24:51+08:00   7826a7c4ba1dbe265453dae74c22b595
assets/jquery.plugin.min.js:
  development: 2018-02-19T18:23:11+08:00   38dcef30a5fcbda9e232828fd8c82b05
assets/jquery.products.min.js:
  development: 2018-02-19T18:23:12+08:00   3edb91de9beea30cd3685763051be431
assets/jquery.revolution.tools.min.js:
  development: 2018-02-19T18:24:33+08:00   90414d189da08ff209cfa5b28b2ec54d
assets/jquery.themepunch.revolution.min.js:
  development: 2018-02-19T18:23:48+08:00   340b94742ed8fc2bfe9c4f48c2caa128
assets/jquery.touchwipe.js:
  development: 2018-02-19T18:23:02+08:00   a4fc8319298d497f912d687684fb29a0
assets/lazyloadxt.js:
  development: 2018-02-19T18:23:37+08:00   32a14a444ca40c08998914ca3f238529
assets/line-menu.jpg:
  development: 2018-02-12T20:12:04+08:00   8eec80bd8a796de8f2502e7513453f32
assets/loading-top.gif:
  development: 2018-02-12T20:12:04+08:00   b5e24db8f84eb4eac09c88f804f36df2
assets/loading.gif:
  development: 2018-02-12T20:12:04+08:00   19df9250795ee08e7c07c9f342422657
assets/logo-sticky.png:
  development: 2018-02-12T20:12:04+08:00   b28f5bed95507630e9cd7d80dbcf17f4
assets/logo.png:
  development: 2018-02-12T20:12:05+08:00   5f08e2ef72db453847a3a36933b5d9c5
assets/logo_footer_top.png:
  development: 2018-02-12T20:12:05+08:00   6a919d92226d5a928c778667de4e35da
assets/logo_popupnews.png:
  development: 2018-02-12T20:12:05+08:00   88c4ae0bbfe8adf69e7dd3791c4d140a
assets/magnific-popup.min.js:
  development: 2018-02-19T18:22:32+08:00   6d05611985a473093379110c3731e9d2
assets/masonry.js:
  development: 2018-02-19T18:23:12+08:00   3e4c56d653aafff40261085f90036932
assets/match-media.min.js:
  development: 2018-02-19T18:23:23+08:00   0b7a66a7f4044b1929c883738c80386b
assets/mega_col_1_1.png:
  development: 2018-02-12T20:12:06+08:00   0df017b853835126f3bfc1421a1fc933
assets/mega_col_4_1.png:
  development: 2018-02-12T20:12:06+08:00   a3dcc8e4832cb3b04bcd012a4385e112
assets/mega_col_4_2.png:
  development: 2018-02-12T20:12:07+08:00   b7a170c34238b099e676deb96dfdf1e2
assets/mega_col_4_3.png:
  development: 2018-02-12T20:12:07+08:00   426b40b226809cf7f94c9a73cb970d05
assets/mega_col_4_4.png:
  development: 2018-02-12T20:12:07+08:00   f3c1d97a4beff2d1d13fa5da78c255c0
assets/mega_col_4_5.png:
  development: 2018-02-12T20:12:07+08:00   32e496c36807e8e7fc3f45ce9d0c02ce
assets/mega_col_4_6.png:
  development: 2018-02-12T20:12:07+08:00   76cb6c86b3a412b3702a704dbff67c93
assets/mega_images_1.jpg:
  development: 2018-02-12T20:12:07+08:00   974905509bc6af032f999dca8f7614c5
assets/mega_images_2.jpg:
  development: 2018-02-12T20:12:08+08:00   3e86bd6d8d6997271ee65d51ceef3777
assets/mm-init.js:
  development: 2018-02-12T20:12:08+08:00   489c00e1c529a36360a509a3a30c4f14
assets/modernizr.custom.js:
  development: 2018-02-19T18:25:09+08:00   853092a67db10b14758b7c81723176dc
assets/modernizr.js:
  development: 2018-02-19T18:23:25+08:00   199b8cce86ff79421bf12533d1d86c3a
assets/modernizr.min.js:
  development: 2018-02-19T18:22:27+08:00   924e9760ae745d15475c8e8bd101a441
assets/newsletter-bg.png:
  development: 2018-02-12T20:12:08+08:00   7131006a31fd201c428b03fecc411d14
assets/orange.png:
  development: 2018-02-12T20:12:09+08:00   593f9927105dfb83899bf14065de52d5
assets/owl.carousel.min.js:
  development: 2018-02-19T18:24:26+08:00   a5afde58fcd15e5c81a81ccdce573966
assets/owl.theme.css:
  development: 2018-02-19T18:24:00+08:00   5cf8d167464696cd68bd307f06d3f0c2
assets/payment_1.png:
  development: 2018-02-12T20:12:09+08:00   6579bca1ba6e9e6f54cf8ac3c610b8ab
assets/payment_2.png:
  development: 2018-02-12T20:12:09+08:00   3acca8d0266f4f191d0fab75245bb4ae
assets/payment_3.png:
  development: 2018-02-12T20:12:09+08:00   9c97f13166e9f268dc399cf8b883fda2
assets/payment_4.png:
  development: 2018-02-12T20:12:10+08:00   7fafc9102477387c927f4bfffc6be1b5
assets/payment_5.png:
  development: 2018-02-12T20:12:10+08:00   f1eab37996128106b54622705826ac5a
assets/payment_6.png:
  development: 2018-02-12T20:12:10+08:00   fb941870babe79c6d7b801db2f21806f
assets/pink.png:
  development: 2018-02-12T20:12:10+08:00   7178a47a9945d7d8454916519f8e898c
assets/red.png:
  development: 2018-02-12T20:12:10+08:00   a208d4c2d434375a305c16184562ad15
assets/responsive.css.liquid:
  development: 2018-02-12T20:12:10+08:00   9a9f55e9963999727c18c8a0864ce25d
assets/retina-responsive.css:
  development: 2018-02-19T18:23:50+08:00   eaa7e667d274beb3a52136c4539c56dc
assets/retina.js:
  development: 2018-02-19T18:24:09+08:00   52b2d55846b67726edc79e68cdac6ecd
assets/s-loading.gif:
  development: 2018-02-12T20:12:11+08:00   19df9250795ee08e7c07c9f342422657
assets/sca-jquery.fancybox.css:
  development: 2018-02-19T18:25:01+08:00   57a34d6f2e370f8bbc3bccf0a0c84cfc
assets/sca-quick-view.css:
  development: 2018-02-19T18:22:25+08:00   16f39fc811a2d220e91dd803d4375df3
assets/sca-qv-no-image.jpg:
  development: 2018-02-12T20:12:11+08:00   0688db33c9498c71d7f258d6d56918d8
assets/selectize.bootstrap3.css:
  development: 2018-02-19T18:23:06+08:00   62167aed7d4cf3180673601ba0a54331
assets/selectize.min.js:
  development: 2018-02-19T18:23:20+08:00   2cf21830bef2203e6853a019022574b7
assets/share_email_image.png:
  development: 2018-02-12T20:12:12+08:00   55b8d7e54a87ef26d7b5fb6beb096a63
assets/social.png:
  development: 2018-02-12T20:12:12+08:00   c5bff179f5815f35766f2913a84b0e61
assets/soldout-1.png:
  development: 2018-02-12T20:12:12+08:00   5358729b688307cb11132bd7f047c293
assets/soldout.png:
  development: 2018-02-12T20:12:12+08:00   6a7697db19e17aae7568e216c2b365af
assets/special-offers.js:
  development: 2018-02-12T20:12:12+08:00   605312e0453a8e124ecd3f894e028b01
assets/special-offers.scss.liquid:
  development: 2018-02-19T18:24:02+08:00   0920ea0f8c4cd5fd5f88ccde0ff64b7f
assets/styles-rtl.css:
  development: 2018-02-19T18:24:24+08:00   2a74b41eb38154a9c87ff00405ed6ebe
assets/styles-setting.css.liquid:
  development: 2018-02-12T20:12:13+08:00   752c5d2925b4351398927945f4324c51
assets/styles.css.liquid:
  development: 2018-02-22T12:34:50+08:00   984c87b8753d612b8ad4c8e786b39816
assets/text-title.png:
  development: 2018-02-12T20:12:13+08:00   406f56e52b9ef84002ef9cf2f4b89898
assets/theme.js:
  development: 2018-02-19T18:24:43+08:00   6128f70e3859fb81a57a97656fcb24e9
assets/timber.scss.liquid:
  development: 2018-02-19T18:24:28+08:00   cb69180aca6dc32f6bd94b0a0b84c204
assets/vendor.js:
  development: 2018-02-19T18:24:10+08:00   1a5573f81f883541941657ba15a0d89e
assets/vermenuitem_ihtml_1.jpg:
  development: 2018-02-12T20:12:14+08:00   e0668683501b4df59c905b14b5c7abf8
assets/white.css.liquid:
  development: 2018-02-19T18:24:19+08:00   35d1cac1c6f0ee2277d4028192442d1f
assets/white.png:
  development: 2018-02-12T20:12:14+08:00   f7672da2875f92f2891dc658c26f39b9
assets/wizard.png:
  development: 2018-02-12T20:12:15+08:00   1412d38d605a43092cbc1e46e98de09b
assets/wizard_2x.png:
  development: 2018-02-12T20:12:15+08:00   20e77d83f53bccf1ddf81003e98ba191
assets/wow.min.js:
  development: 2018-02-12T20:12:15+08:00   8ad2440610b7528e2d4e982686c4cd18
assets/yellow.png:
  development: 2018-02-12T20:12:15+08:00   7aeb924d98bd6e57fbc4194881e04886
config/settings_data.json:
  development: 2018-02-22T11:40:53+08:00   cc656fc9cf83c934c50f92d40c752fd8
config/settings_schema.json:
  development: 2018-02-12T20:12:17+08:00   3f657539f7a403b082e6f78ff9eea901
layout/theme-backup-special.liquid:
  development: 2018-02-19T18:24:38+08:00   dcee0e4d275b9f1811a762ffaa57af68
layout/theme.liquid:
  development: 2018-02-19T18:22:35+08:00   ae4b0bac1dfccf13064016ac4366a4bf
locales/en.default.json:
  development: 2018-02-12T20:12:15+08:00   a0be4b920175350409bfc2075044f419
sections/about-template.liquid:
  development: 2018-02-19T18:24:20+08:00   468a636dbe10805d54a0c1b3530bb3ca
sections/article-template.liquid:
  development: 2018-02-19T18:22:59+08:00   4622a382deb7edde370d754254e4d15b
sections/blog-template.liquid:
  development: 2018-02-19T18:23:00+08:00   cf7711ed861eaa1b1bed80971d39d828
sections/brand-image.liquid:
  development: 2018-02-19T18:22:55+08:00   f3a78dabb47aae20188a913ea814467c
sections/collection-template.liquid:
  development: 2018-02-19T18:24:58+08:00   e6a892b37b707d1bbded90037b88a7dd
sections/collection-without-sidebar.liquid:
  development: 2018-02-19T18:23:01+08:00   54ef88d681c6a393bfb549aa665fb52f
sections/contact-template.liquid:
  development: 2018-02-19T18:22:55+08:00   9bfdb7276d1fbded8c0e0a50fc8c956b
sections/custom-content.liquid:
  development: 2018-02-21T18:00:32+08:00   b77d783fce2622c8f3ac004ef0b2fe1a
sections/footer.liquid:
  development: 2018-02-19T18:23:28+08:00   89da8d2ae0745d52c345df9e6e40529c
sections/header.liquid:
  development: 2018-02-12T20:11:39+08:00   57ddff10a1aad58b2c4a2b067774948d
sections/home-block-2.liquid:
  development: 2018-02-19T18:24:43+08:00   2cf89107b349f70a5164dea0a06604c3
sections/home-block-4.liquid:
  development: 2018-02-19T18:23:03+08:00   4bf185c6cd4d6f1c300f5a01fe839322
sections/home-block-icon.liquid:
  development: 2018-02-19T18:23:05+08:00   7a697a40ed46183a8dbbf7d12e68bbec
sections/home-block-timeline.liquid:
  development: 2018-02-19T18:24:05+08:00   0765192473a4974adfb04daf966dad10
sections/home-blog.liquid:
  development: 2018-02-19T18:25:01+08:00   9e10943deba8df1633ae89f872c07f48
sections/home-instagram.liquid:
  development: 2018-02-19T18:24:17+08:00   91497dac4e9df1351a14ec50d70ecb58
sections/home-product-slide.liquid:
  development: 2018-02-19T18:23:43+08:00   04656191c21843964fc693fe78b02d9d
sections/lookbook.liquid:
  development: 2018-02-19T18:23:16+08:00   f0906ec0c79c3ca04f03fdee8e07d40e
sections/newsletter.liquid:
  development: 2018-02-19T18:25:02+08:00   62f6d8fbfb99b9c3a4fade587c78e39f
sections/notification-bar.liquid:
  development: 2018-02-21T20:36:48+08:00   61729f2890bd0a83ead2aa7431b114e3
sections/product-loadmore.liquid:
  development: 2018-02-19T18:24:06+08:00   8d345f9bef4d564f0b7014ddc09cc30f
sections/product-template.liquid:
  development: 2018-02-12T20:11:39+08:00   95552a3a7101bddc9c1b1601d311c4cf
sections/slideshow.liquid:
  development: 2018-02-19T18:24:20+08:00   08662c4f81a0e642607b3e114e2feb31
sections/tabs-product.liquid:
  development: 2018-02-19T18:24:32+08:00   ceb03853bf9a8358b0aef6a35efc4fa5
snippets/SEOManager-404.liquid:
  development: 2018-02-19T18:23:06+08:00   37f12dd41afc4c875cdfe9a800a855cd
snippets/SEOManager.liquid:
  development: 2018-02-19T18:25:15+08:00   6647ffb51da372418ef2170aa6f1f048
snippets/SEOMetaManager.liquid:
  development: 2018-02-12T20:12:15+08:00   63248d1bdd7cdcb0e8ba9bfd7ea6e95a
snippets/about-icon.liquid:
  development: 2018-02-19T18:23:42+08:00   8ecd163cabe1a33f50b59e5a3a62a053
snippets/add-to-link.liquid:
  development: 2018-02-19T18:25:13+08:00   0a03b53d8bcc02365a34989027e7df1c
snippets/ajaxify-cart-so.liquid:
  development: 2018-02-19T18:22:55+08:00   b906c8439471b442fa3d3d4d7e10ce7b
snippets/blog-images.liquid:
  development: 2018-02-19T18:23:17+08:00   0da81c07f1dde5f7d91ea03670b91764
snippets/blog-newsletter.liquid:
  development: 2018-02-19T18:24:58+08:00   ccf60afcd5756b73aa3d11e46f019147
snippets/brands.liquid:
  development: 2018-02-19T18:24:12+08:00   94bd4a41d42dd904560cf8e83859ccd5
snippets/breadcrumb.liquid:
  development: 2018-02-19T18:22:36+08:00   3a16edbca5588f6af0efa67d24d83363
snippets/buddha-megamenu-before.liquid:
  development: 2018-02-12T20:12:15+08:00
snippets/buddha-megamenu-wireframe.liquid:
  development: 2018-02-12T20:12:16+08:00   db54e0db58b1dbf6d6a2a2316c38e2b5
snippets/buddha-megamenu.liquid:
  development: 2018-02-19T18:24:15+08:00   f0408d20b63421c8139c249f006131d9
snippets/canvas-menu.liquid:
  development: 2018-02-19T18:24:55+08:00   7eea2632751e88431e28039e04a5a145
snippets/carousel-product.liquid:
  development: 2018-02-19T18:24:49+08:00   9893c5f700f7438ee165a48a25ecfbd7
snippets/carousel-saler.liquid:
  development: 2018-02-19T18:22:38+08:00   083245c3f479f0e099a3cc9ee5715ded
snippets/collection-grid-item.liquid:
  development: 2018-02-19T18:23:50+08:00   6128244fe020b51b306d2e436bf62325
snippets/collection-right.liquid:
  development: 2018-02-19T18:24:37+08:00   8619183c6848b102a41e41c46135f643
snippets/collection-sidebar-shop-by-blocks.liquid:
  development: 2018-02-19T18:22:41+08:00   58805b86e6d7dd4c1cab88adde797b69
snippets/collection-sidebar.liquid:
  development: 2018-02-19T18:23:32+08:00   67be5da1d2633b623875ba2bda2eb9e8
snippets/collection-tags.liquid:
  development: 2018-02-19T18:23:18+08:00   2bad54c83289210f06bf9052819cd181
snippets/comment.liquid:
  development: 2018-02-19T18:24:35+08:00   8bb1b2c48bb00d970b64201e6e6274d1
snippets/content-shortcode.liquid:
  development: 2018-02-12T20:12:16+08:00   92401ee20aaae944c824fcba026ce61c
snippets/font-family.liquid:
  development: 2018-02-19T18:24:47+08:00   7c0c05f58df724005837d7c5e81b3c87
snippets/footer-flick.liquid:
  development: 2018-02-19T18:24:06+08:00   de69fb3db59ce6b496d0e127b0ad6f8e
snippets/footer_scripts.liquid:
  development: 2018-02-19T18:25:03+08:00   82d8ba180edb1b466a6626c065c99289
snippets/form-errors-custom.liquid:
  development: 2018-02-19T18:23:33+08:00   18c4e538b1859fae27ce971f7e06f8e6
snippets/head_scripts.liquid:
  development: 2018-02-19T18:24:04+08:00   ec10f31ba42e1acf8e7aebfb1273f746
snippets/header-icon-social.liquid:
  development: 2018-02-19T18:23:03+08:00   7d9c75960dc4ab2881132c54fe6c6d2c
snippets/header-search-cart.liquid:
  development: 2018-02-19T18:25:06+08:00   195b0c1e4fdb1cca452fc5d16647070f
snippets/hear-about-us.liquid:
  development: 2018-02-19T18:24:18+08:00   6906d096eb5db3e13ea4d27f053e8107
snippets/home-block-category.liquid:
  development: 2018-02-19T18:25:08+08:00   fa225c11a7f54c407b2e0009dfaadf40
snippets/home-brand.liquid:
  development: 2018-02-19T18:23:15+08:00   a54e21e1252b200ce21e05fae5c8e95f
snippets/home-page-product2.liquid:
  development: 2018-02-19T18:24:03+08:00   9f3a42a25690c1eb6551ec46b321ceff
snippets/home-revolution.liquid:
  development: 2018-02-19T18:24:24+08:00   161cc14cdf3b3878416ecd37eb48ef1b
snippets/home-tab-product.liquid:
  development: 2018-02-19T18:23:51+08:00   12ed9057004d4d17433b963119d4bf25
snippets/home_tab_product_grid_item.liquid:
  development: 2018-02-19T18:24:00+08:00   0269488bc756224f71174b56df02d474
snippets/homepage-block-newsletter.liquid:
  development: 2018-02-19T18:22:59+08:00   893039ff9ace439392e0dc029bfd0a0b
snippets/icon-quote.liquid:
  development: 2018-02-12T20:12:16+08:00   e710949f7a142dfc3c4fac15c33bb2fa
snippets/icon-social.liquid:
  development: 2018-02-19T18:25:15+08:00   cd5e8ddf3b6d9067863a97938e376827
snippets/instagram.liquid:
  development: 2018-02-19T18:24:13+08:00   3345f8fd56d0cb18fa52e70032da0632
snippets/isotope-product.liquid:
  development: 2018-02-19T18:25:08+08:00   d441d6ac6993632c28ceb2f70c108428
snippets/linklists.liquid:
  development: 2018-02-19T18:24:25+08:00   574b045598a654b0c09a318130ef12ab
snippets/lion-wholesale.liquid:
  development: 2018-02-19T18:24:46+08:00   43e3e4caa996781b5fe0a656534265ea
snippets/load-more-product-item.liquid:
  development: 2018-02-19T18:25:06+08:00   bf2dd387481e5ab1a57edbac28b0488e
snippets/megamenu_1.liquid:
  development: 2018-02-19T18:24:11+08:00   df13ee95ff963edb6ecc396d02f3152b
snippets/megamenu_2.liquid:
  development: 2018-02-19T18:23:54+08:00   3121bb239f2511a9a147745c08a4d9a1
snippets/menu-blockhtml.liquid:
  development: 2018-02-19T18:24:15+08:00   6e9d5a16fb41139d12b44875e9b1b6da
snippets/menu-blocklinks.liquid:
  development: 2018-02-19T18:23:09+08:00   2a9e332a8409811aae1bfcf75071a302
snippets/menu-blocklinks2.liquid:
  development: 2018-02-19T18:24:56+08:00   fce7cb74767280f45eb2101d5f5b9874
snippets/menu-blockproducts.liquid:
  development: 2018-02-19T18:22:56+08:00   c0febeee0f10523eac25bcbed6501899
snippets/menu-blockvideos.liquid:
  development: 2018-02-19T18:25:10+08:00   2be219d16479cb5a55794b87ec6ca8d9
snippets/menu-mobile.liquid:
  development: 2018-02-19T18:24:45+08:00   5b6905697ff2522581cd702edbfbdc16
snippets/message-modal.liquid:
  development: 2018-02-19T18:23:29+08:00   02795a40e877dfeb9a10ec2437ebb2cd
snippets/new-currency-top.liquid:
  development: 2018-02-19T18:24:36+08:00   945a13045a7276f5ee500754a240265a
snippets/new-currency.liquid:
  development: 2018-02-19T18:24:22+08:00   c5e9dd0e6f7f157c499abbad02d84d77
snippets/newsletter-form.liquid:
  development: 2018-02-19T18:23:19+08:00   00250e5592404905ae4872fa1fc0fe7a
snippets/page-header.liquid:
  development: 2018-02-19T18:23:53+08:00   bae4a57b6492e54d51df743928fd6945
snippets/pagination-page.liquid:
  development: 2018-02-19T18:22:55+08:00   7928a6a852e7bafcc116ff68374292a0
snippets/pagination.liquid:
  development: 2018-02-19T18:23:42+08:00   dd7ddc72bb6f902b554595c4bb89ecd1
snippets/popup-newsletter.liquid:
  development: 2018-02-19T18:23:49+08:00   b9af0018057a745f382e5d7a28f126af
snippets/product-collection-item.liquid:
  development: 2018-02-19T18:23:39+08:00   cd3ea19a3784b84116ad6b06795c9ec6
snippets/product-grid-item-category.liquid:
  development: 2018-02-19T18:24:47+08:00   7620d85db2f65f0e3f4134fd45dd86d9
snippets/product-grid-item-sidebar.liquid:
  development: 2018-02-19T18:23:32+08:00   a9402d9bfe021186d5053b85057daa41
snippets/product-grid-item.liquid:
  development: 2018-02-19T18:23:07+08:00   487e71f63bbf72e3059cea44d40229c5
snippets/product-item-image-hover.liquid:
  development: 2018-02-19T18:24:10+08:00   59ca6a7c45b0bf48d417833d8b158628
snippets/product-item-image-swatch.liquid:
  development: 2018-02-19T18:24:09+08:00   1799b15421cdbe335c6d264340b6d5f8
snippets/product-list-item.liquid:
  development: 2018-02-19T18:24:48+08:00   8d1530d825a11627cd3fa347428255d2
snippets/product-sidebar.liquid:
  development: 2018-02-19T18:24:49+08:00   eb7a07159a1f9106ee46a57c9ad6d60f
snippets/product-tab-content-shortcode.liquid:
  development: 2018-02-19T18:23:55+08:00   eda72808cd3b4c098b3d83fe39144116
snippets/product-tabs-item.liquid:
  development: 2018-02-19T18:22:55+08:00   0db8dd3a00dd1d435c75a0137ae25963
snippets/quick-view-product.liquid:
  development: 2018-02-19T18:22:54+08:00   05ea6d93bb290205872b9c441c11eee9
snippets/related-product-item.liquid:
  development: 2018-02-19T18:25:14+08:00   c9d4cc279da55561eeba72c6acaca031
snippets/related-products-by-tags.liquid:
  development: 2018-02-19T18:24:55+08:00   16f0812f5188ac9fa5743fcffae78198
snippets/related-products.liquid:
  development: 2018-02-19T18:24:41+08:00   db666bc2dbfe61f59228f9d8d4b8a25e
snippets/search-autocomplete.liquid:
  development: 2018-02-12T20:12:17+08:00   4619bd136a45b02f4618616177f3f6ea
snippets/search-bar.liquid:
  development: 2018-02-19T18:22:33+08:00   aeebe67c3c691b92be435186a6d98d2e
snippets/search-result-grid.liquid:
  development: 2018-02-19T18:24:45+08:00   236b55e2317e44fcb0d46cf2629257d1
snippets/search-result.liquid:
  development: 2018-02-19T18:24:07+08:00   1f7cd90fad1afa6a1be5f94be333da10
snippets/shipping-rates-calculator.liquid:
  development: 2018-02-19T18:22:55+08:00   2cbaabb420d3a9c578bfb2fb63b9f357
snippets/shortcode-accordion.liquid:
  development: 2018-02-19T18:22:57+08:00   5fa688849a477f67ddff45c464d8b3f9
snippets/site-nav-2.liquid:
  development: 2018-02-19T18:22:55+08:00   c4ec534ce8ed31f5d6e09d20712caa6e
snippets/site-nav.liquid:
  development: 2018-02-19T18:24:33+08:00   8752a01517a8022cf99dc84aaca1d341
snippets/social-sharing.liquid:
  development: 2018-02-19T18:23:36+08:00   a475db08f006e6e44b7dcff2bf302988
snippets/special-offers-templates.liquid:
  development: 2018-02-19T18:24:01+08:00   d7c7f5cbfb51dd0e1b21482351ab04a0
snippets/special-offers.liquid:
  development: 2018-02-19T18:24:03+08:00   d922acdfd61dc274c85386120e1ab003
snippets/swatch.liquid:
  development: 2018-02-19T18:24:41+08:00   b3d894607e6377f4051e56b278f6aa58
snippets/swatch_scripts.liquid:
  development: 2018-02-19T18:22:29+08:00   af90c16eb6904ceba9f9491846cc59de
snippets/tags-article.liquid:
  development: 2018-02-19T18:22:34+08:00   7002cf7253685d3ef6638ca5eaa9cc37
snippets/toolbar.liquid:
  development: 2018-02-19T18:23:14+08:00   4b70cb8527544f96f05e7a2e47645768
snippets/translator.liquid:
  development: 2018-02-19T18:22:30+08:00   cf3483be4a590a0e6fbc788c7ab493a3
snippets/wholesaler-product-price.liquid:
  development: 2018-02-19T18:23:57+08:00   4febdb49a1203d605523727afa9f738d
snippets/wholesaler-variant-select.liquid:
  development: 2018-02-19T18:23:12+08:00   726dc40a597455232a9ad0625df69a3a
snippets/widget_article.liquid:
  development: 2018-02-19T18:24:43+08:00   e43f0c76d5e6b7a6e8131346f05188b6
snippets/wishlist-page.liquid:
  development: 2018-02-19T18:22:28+08:00   0d6678a407f199627372e98f2144c2f0
snippets/wishlist-product-search.liquid:
  development: 2018-02-19T18:24:39+08:00   50450760f6dcb7c74998063705e1c4fe
snippets/wishlist-product.liquid:
  development: 2018-02-19T18:23:34+08:00   3ed49b15a786e2163c0284160c360eed
templates/404.liquid:
  development: 2018-02-12T20:12:17+08:00   be3fc683fdeceb74b8af24b243476a20
templates/404.preSEOManager.liquid:
  development: 2018-02-19T18:24:29+08:00   59d8d0fa524eb62d903355d0a11f745e
templates/article.liquid:
  development: 2018-02-19T18:25:00+08:00   070426130d60ffd964b1fbbb54748f91
templates/blog.liquid:
  development: 2018-02-19T18:23:45+08:00   f8e6cdc14d950e60b44baa14b2bb1ef5
templates/cart-backup-special.liquid:
  development: 2018-02-19T18:25:10+08:00   ff3291b89a52b01516dfecf487b13abf
templates/cart.liquid:
  development: 2018-02-19T18:22:32+08:00   31aa14278d9248b12e7640da27771b63
templates/collection.liquid:
  development: 2018-02-19T18:23:39+08:00   c56f041d81eacdc8f1665a3111af1171
templates/collection.list.liquid:
  development: 2018-02-19T18:24:52+08:00   fcfd5aee6c9532cec4a75c27db2e0a6e
templates/customers/account.liquid:
  development: 2018-02-19T18:23:37+08:00   8921de56598a8f31b370ceba218a28b2
templates/customers/activate_account.liquid:
  development: 2018-02-19T18:23:52+08:00   b187e63b222b4e63979671d15494fbcf
templates/customers/addresses.liquid:
  development: 2018-02-19T18:24:30+08:00   ef86f429890f80e5f822a49a9538aacc
templates/customers/login.liquid:
  development: 2018-02-19T18:23:05+08:00   baff011d52c908a0583fbece59d18292
templates/customers/order.liquid:
  development: 2018-02-19T18:22:39+08:00   32b0ffea4fa00c0eb2d2e5dd70cc0ed2
templates/customers/register.liquid:
  development: 2018-02-19T18:24:48+08:00   d4ecb94b8056dd8bd5164a2faf048f87
templates/customers/reset_password.liquid:
  development: 2018-02-19T18:24:19+08:00   2ff022d15946a9e04922b60aaa05c3fa
templates/gift_card.liquid:
  development: 2018-02-19T18:22:55+08:00   709f6a37fe13d43d21d84f417a9285ba
templates/index.liquid:
  development: 2018-02-19T18:23:33+08:00   fa31d050093bc768588a078f735fdc3b
templates/list-collections.liquid:
  development: 2018-02-19T18:23:30+08:00   c315ff406c0512aac6d40ac5b7828165
templates/page.aboutus.liquid:
  development: 2018-02-19T18:25:09+08:00   c5fcc13d21762d557c28cb2c01e7968d
templates/page.contact.liquid:
  development: 2018-02-19T18:22:36+08:00   a397c7dae24bca3b326c86733c9b4b35
templates/page.faqs.liquid:
  development: 2018-02-19T18:22:31+08:00   643d80d212a58da88489f1755f39cb82
templates/page.liquid:
  development: 2018-02-19T18:23:26+08:00   f97a1de0cd131325d520da571bb4a873
templates/page.sitemap-alt.liquid:
  development: 2018-02-21T16:50:18+08:00   b713aa76adbb714fc59e5c57f0a9f44c
templates/page.sitemap.liquid:
  development: 2018-02-21T16:05:37+08:00   202b2864dcb62dce83ac80a51c076672
templates/page.wish-list.liquid:
  development: 2018-02-12T20:12:17+08:00   e60d0cb9269ec5e3a2e92466d368332b
templates/password.liquid:
  development: 2018-02-19T18:22:55+08:00   a0b0dabf8cab20ecaf9f108fdfa4bf05
templates/product.liquid:
  development: 2018-02-19T18:23:51+08:00   8f692e82bf5a42205edcafe4cd0ce487
templates/search.SEOManagerTags.liquid:
  development: 2018-02-19T18:24:44+08:00   52bbb0d344a8a05ac6110df3149a0fad
templates/search.json.liquid:
  development: 2018-02-19T18:24:36+08:00   1f1d660520765a2fb29d4c5b92fdcba0
templates/search.liquid:
  development: 2018-02-19T18:23:48+08:00   a336e6605648a0bb90f0446eadfa4fca
templates/search.nulls.liquid:
  development: 2018-02-19T18:23:57+08:00   c5677c3d30e67830af7e504bb253a20e
templates/search.nullsc.liquid:
  development: 2018-02-19T18:23:46+08:00   6922f63f4e4a432b78ada03f4ebffd61
