# THIS IS AN AUTOGENERATED FILE. DO NOT EDIT THIS FILE DIRECTLY.
assets/_jqueryzoom.js:
  development: 2018-01-29T11:35:43+08:00   198ad155033987c047ca3a20d70ef76c
assets/ElegantIcons.eot:
  development: 2018-01-29T11:35:42+08:00   d72ad3f702b9f23540e8ed78b4b65749
assets/ElegantIcons.svg:
  development: 2018-01-29T11:35:43+08:00   907b74de12b89805612e69cd9ece33f6
assets/ElegantIcons.ttf:
  development: 2018-01-29T11:35:43+08:00   f9d179f59b0878ffcd32a5b3c8ae9c62
assets/ElegantIcons.woff:
  development: 2018-01-29T11:35:43+08:00   fdd9e757bf61675343dcf55100422b84
assets/FontAwesome.otf:
  development: 2018-01-29T11:35:43+08:00   668743fe7258676f8ef8f9b47d2a623e
assets/ajax.jquery.js:
  development: 2018-01-29T17:29:00+08:00   41c295b5a9c46cf5545e1c4e3b326105
assets/animate.css:
  development: 2018-01-29T11:35:44+08:00   7f791c80901353411852a4810cfa231d
assets/bannereditor.css:
  development: 2018-01-29T11:35:44+08:00   0a1ef42d73526883b12fba2226df0dc0
assets/beige.png:
  development: 2018-01-29T11:35:44+08:00   e8d1e02a2ca6bd1365546606bb6efcb6
assets/bg-body.jpg:
  development: 2018-01-29T11:35:44+08:00   b5162d703bd02e049f6341c161996e93
assets/bg-body.png:
  development: 2018-01-29T11:35:44+08:00   53d37a8b823d0165346a5f8713cfff30
assets/bg-news.png:
  development: 2018-01-29T11:35:44+08:00   c046f31eb109788d2f73f140220668fa
assets/bg_about_banner.jpg:
  development: 2018-01-29T11:35:45+08:00   8fcd08136a44f0190bc9f5db9d74509d
assets/bkg-newsletter.jpg:
  development: 2018-01-29T11:35:45+08:00   e9e2485e7d184ce5d0c5f28b0a077947
assets/black.png:
  development: 2018-01-29T11:35:45+08:00   b8dcc48fb4bec22f1f900cdf3618def1
assets/blank.gif:
  development: 2018-01-29T11:35:45+08:00   325472601571f31e1bf00674c368d335
assets/blank.png:
  development: 2018-01-29T11:35:45+08:00   947f17f65f8d60dc5f66235e1bb866f5
assets/blog_banner_image.jpg:
  development: 2018-01-29T11:35:45+08:00   c6e3564c15240be0036fbf5376f9a099
assets/blog_image_aboutme.jpg:
  development: 2018-01-29T11:35:45+08:00   088eca63c1568f3b734483937f5f58e5
assets/blue.png:
  development: 2018-01-29T11:35:46+08:00   50dbb543d8d663d140ba1bf0ec76d901
assets/bootstrap-rtl.min.css:
  development: 2018-01-29T11:35:46+08:00   4280551d07f189bf490112ef08f32edb
assets/bootstrap.min.css:
  development: 2018-01-29T11:35:46+08:00   58a49b3689d699cb72ffda7252d99fcb
assets/bootstrap.min.js:
  development: 2018-01-29T11:35:46+08:00   ba847811448ef90d98d272aeccef2a95
assets/box-shadow-mobile.png:
  development: 2018-01-29T11:35:46+08:00   e0ff704eba2bc0223e292cae59fb555f
assets/btn-cart01.png:
  development: 2018-01-29T11:35:46+08:00   3155d5dd3d0a51298e50cb8c3b55572f
assets/btn-product.png:
  development: 2018-01-29T11:35:46+08:00   36b8f2d49e4f75131c3e1ea35b87769f
assets/btn-remove01.png:
  development: 2018-01-29T11:35:47+08:00   163ba8e6026050c121fd7150dc4c1ba5
assets/btn-sidebar.png:
  development: 2018-01-29T11:35:47+08:00   be8ab0fdc419d3dcdd4b050a3bacad67
assets/buddha-megamenu.css:
  development: 2018-01-29T11:35:47+08:00   72115efbf0ee1a10f16806902573938e
assets/buddha-megamenu.js.liquid:
  development: 2018-01-29T11:35:47+08:00   5249baf8ed90a90d086b8bac80a3b5c3
assets/cart_ic.png:
  development: 2018-01-29T11:35:47+08:00   7526069d22e93ad4f89195886dfeea31
assets/check-check.png:
  development: 2018-01-29T11:35:47+08:00   6dcaceb2e9929ed2a9a36074735876f1
assets/checked.png:
  development: 2018-01-29T11:35:47+08:00   2a8fb3f2cd2748f3203176dc72874ce4
assets/checked12.png:
  development: 2018-01-29T11:35:48+08:00   32f0b3e7dcf11c4e17d958969613ce3b
assets/checkout.css.liquid:
  development: 2018-01-29T11:35:48+08:00   5ce98847d00f85034e7c74873566b1ae
assets/checkout.scss.liquid:
  development: 2018-01-29T11:35:48+08:00   9128ce2b626e57cf0566e402284a7db3
assets/checkout_header_image.jpg:
  development: 2018-01-29T11:35:48+08:00   5a0039fb87e7bfcbdbd5776fbd2ef7f6
assets/checkout_logo.png:
  development: 2018-01-29T11:35:48+08:00   50c0747832e7e3a54323b7a0a7069385
assets/classie.js:
  development: 2018-01-29T11:35:48+08:00   723c75fde6dc7bb3ef0f7f12584655a0
assets/cleversoft-lang2.js:
  development: 2018-02-02T12:57:33+08:00   4d45ea58db9827605b5cf607bd103e63
assets/cleversoft.eot:
  development: 2018-01-29T11:35:49+08:00   9eb15979aa7e5933135668a27f853e0b
assets/cleversoft.svg:
  development: 2018-01-29T11:35:49+08:00   6ebb203bdd69fd3b808bd3382bd3bac0
assets/cleversoft.ttf:
  development: 2018-01-29T11:35:49+08:00   a453258d54e3a3fb66113f64f266c91d
assets/cleversoft.woff:
  development: 2018-01-29T11:35:49+08:00   fde3130fd5e92b308d770e3f53d27686
assets/cleversoft.woff2:
  development: 2018-01-29T11:35:50+08:00   354c824f7f53ddf51886becc8a845f2e
assets/cleversoft_font.css:
  development: 2018-01-29T11:35:50+08:00   9fe1a86c298fe96aa56583a61d2fdce1
assets/color-1.png:
  development: 2018-01-29T11:35:50+08:00   e8d1e02a2ca6bd1365546606bb6efcb6
assets/color-2.png:
  development: 2018-01-29T11:35:50+08:00   d70bd70deb32832540e62c8c43303a3c
assets/color-3.png:
  development: 2018-01-29T11:35:50+08:00   f7672da2875f92f2891dc658c26f39b9
assets/color-4.png:
  development: 2018-01-29T11:35:50+08:00   7178a47a9945d7d8454916519f8e898c
assets/color-5.png:
  development: 2018-01-29T11:35:50+08:00   b89e360dcbad7d938e8e4d60208a87f4
assets/color-6.png:
  development: 2018-01-29T11:35:51+08:00   50dbb543d8d663d140ba1bf0ec76d901
assets/color-7.png:
  development: 2018-01-29T11:35:51+08:00   5754eda03df4fe55861a22e9944aed3d
assets/color-8.png:
  development: 2018-01-29T11:35:51+08:00   b8dcc48fb4bec22f1f900cdf3618def1
assets/color-9.png:
  development: 2018-01-29T11:35:51+08:00   2175dbcc0554200e93395cf68419390f
assets/component.css:
  development: 2018-01-29T11:35:51+08:00   710282682c930bb220521f4059e8af02
assets/currencies_img_1.png:
  development: 2018-01-29T11:35:51+08:00   46aff99f5a761fadf889ba0b7454d604
assets/currencies_img_2.png:
  development: 2018-01-29T11:35:51+08:00   39cdce2b0e5994533b960764e2dc4435
assets/currency-flags-small.png:
  development: 2018-01-29T11:35:52+08:00   b3426b0214692d64910c1f2a329b6e0d
assets/currency-flags.png:
  development: 2018-01-29T11:35:52+08:00   59d3e93fa0a48bdc2eecb0d6bed1e7b9
assets/dark.css.liquid:
  development: 2018-01-29T11:35:52+08:00   08b73d95d7d9f40caefc5c21008fa688
assets/doubly.js:
  development: 2018-02-02T12:58:14+08:00   7c57885ad975aabd025bf1a830f51ac5
assets/elegantfont.css:
  development: 2018-01-29T11:35:53+08:00   2c53ca414fc14a7b68c800953fabac58
assets/fancybox_loading.gif:
  development: 2018-01-29T11:35:53+08:00   328cc0f6c78211485058d460e80f4fa8
assets/fancybox_overlay.png:
  development: 2018-01-29T11:35:53+08:00   77aeaa52715b898b73c74d68c630330e
assets/fancybox_sprite.png:
  development: 2018-01-29T11:35:53+08:00   783d4031fe50c3d83c960911e1fbc705
assets/favicon.png:
  development: 2018-01-29T11:35:53+08:00   cc4cae501fb471ab6280d7a7cd75e527
assets/flag-1.png:
  development: 2018-01-29T11:35:53+08:00   bf1960ad270ce72af5832e2661eb34f4
assets/flag-2.png:
  development: 2018-01-29T11:35:53+08:00   ffce5e64df4d367a20e1ef4033f60257
assets/flag-3.png:
  development: 2018-01-29T11:35:54+08:00   3d26278264bf370ee65148c1e385405e
assets/flag-4.png:
  development: 2018-01-29T11:35:54+08:00   968591e0050981be9fa94bd2597afb48
assets/flexslider.js:
  development: 2018-01-29T11:35:54+08:00   78eda490621aff73ed6a95a39354a2fc
assets/font-awesome.min.css:
  development: 2018-01-29T11:35:54+08:00   015732526bf589c35e3e3b9b1d5ed1eb
assets/fontawesome-webfont.eot:
  development: 2018-01-29T11:35:54+08:00   45c73723862c6fc5eb3d6961db2d71fb
assets/fontawesome-webfont.svg:
  development: 2018-01-29T11:35:55+08:00   76a4f23c6be74fd309e0d0fd2c27a5de
assets/fontawesome-webfont.ttf:
  development: 2018-01-29T11:35:55+08:00   7c87870ab40d63cfb8870c1f183f9939
assets/fontawesome-webfont.woff:
  development: 2018-01-29T11:35:55+08:00   dfb02f8f6d0cedc009ee5887cc68f1f3
assets/fontawesome-webfont.woff2:
  development: 2018-01-29T11:35:55+08:00   4b5a84aaf1c9485e060c503a0ff8cadb
assets/footer-paypal-1.png:
  development: 2018-01-29T11:35:55+08:00   f07f3cafc39525c1fdc3099fcbef2689
assets/footer-paypal-2.png:
  development: 2018-01-29T11:35:55+08:00   7870c28a4dd40c7496aa8e259c09975b
assets/footer-paypal-3.png:
  development: 2018-01-29T11:35:56+08:00   7e4beb276884bad73ccf59d9f8906a36
assets/footer-paypal-4.png:
  development: 2018-01-29T11:35:56+08:00   e5fe5e9e6ba42679b601e1b300407826
assets/footer-paypal-5.png:
  development: 2018-01-29T11:35:56+08:00   322006f2e83ac7c20c3c838dc61527c4
assets/footer-paypal-6.png:
  development: 2018-01-29T11:35:56+08:00   dce50f13afa8c2da49b592d9a5d6b40c
assets/footer_icon_top.png:
  development: 2018-01-29T11:35:56+08:00   54162682ac2f6eec3661dd34fcb98685
assets/front-end.js:
  development: 2018-01-29T16:50:19+08:00   e69e345eb2f2f3fc7a1dccc41516ce44
assets/ginit.js:
  development: 2018-01-29T11:35:57+08:00   e5d66bf2695e62d32acbe019920bc4a7
assets/gosh-scrip.js:
  development: 2018-01-29T11:35:57+08:00   012f0e7df19b691b6bd7e048735cd14d
assets/gray.png:
  development: 2018-01-29T11:35:57+08:00   5754eda03df4fe55861a22e9944aed3d
assets/green.png:
  development: 2018-01-29T11:35:57+08:00   2175dbcc0554200e93395cf68419390f
assets/handlebars.min.js:
  development: 2018-01-29T11:35:57+08:00   b3c11508a224ee83f86e2fc6491e9751
assets/i-comment.jpg:
  development: 2018-01-29T11:35:57+08:00   f6b55e27d9b4a26ddd9f2e4747e98ed2
assets/ico-view.png:
  development: 2018-01-29T11:35:57+08:00   a86373c052dac454fec0ce19256ca240
assets/icon-customers.png:
  development: 2018-01-29T11:35:58+08:00   40e9a151576aee28d186bfb9f67f1b03
assets/icon-customers_2x.png:
  development: 2018-01-29T11:35:58+08:00   60a567ca4961448ebde9430efded78a0
assets/icon-megamenu.png:
  development: 2018-01-29T11:35:58+08:00   b77dd7bed61572cfee4199bb24519f45
assets/icon-menu.png:
  development: 2018-01-29T11:35:58+08:00   1fd363b5901a6eed2755f0c040915021
assets/icon-share01.png:
  development: 2018-01-29T11:35:59+08:00   769b40643f36f3a67bbef1f51c758926
assets/icons_new14.png:
  development: 2018-01-29T11:35:59+08:00   0c4c3c5473eb0cb5a555fe64984fda87
assets/image_category.jpg:
  development: 2018-01-29T11:36:00+08:00   afd41c94d64635fb3109aeaa38969308
assets/images-our-team1.jpg:
  development: 2018-01-29T11:36:00+08:00   be1bc05b3b9121c70bdc7365a9b60841
assets/images-our-team2.jpg:
  development: 2018-01-29T11:36:00+08:00   298ec62628e0b29dc34f25b32c78be16
assets/images-our-team3.jpg:
  development: 2018-01-29T11:36:00+08:00   4e03342b33685d6ba1cacbf5e7eaee76
assets/instafeed.min.js:
  development: 2018-01-29T11:36:00+08:00   0b6a7de95b8d11b23c8e58b12574f696
assets/isotope-collection.js:
  development: 2018-01-29T11:36:00+08:00   e5f4506b68530e23ab9e7ac354a0df37
assets/isotope.pkgd.min.js:
  development: 2018-01-29T11:36:01+08:00   2330dec4f69252cefb0a29496d23c8f7
assets/jquery-cookie.min.js:
  development: 2018-01-29T11:36:01+08:00   9bf5c67d44d31905e57b1d1d6a7fcec0
assets/jquery-ui.js:
  development: 2018-01-29T11:36:01+08:00   04a4db2983450a2970c459ba87b4210a
assets/jquery-ui.min.js:
  development: 2018-02-02T12:59:14+08:00   ef8e262645beca1d137d676656f71846
assets/jquery.cart.min.js:
  development: 2018-01-29T11:36:02+08:00   6e7153d71e5b6a288b6d2c9661dd2fb8
assets/jquery.countdown.js:
  development: 2018-01-29T11:36:02+08:00   5463eb018445177058f00cce317f3022
assets/jquery.currencies.min.js:
  development: 2018-02-02T12:59:39+08:00   706964721008f69b9e8d646c8d2f5439
assets/jquery.cycle.all.js:
  development: 2018-01-29T11:36:02+08:00   bc7c09ca1c59bcddb875e3138d81dfa6
assets/jquery.elevateZoom-3.0.8.min.js:
  development: 2018-01-29T11:36:02+08:00   f38e747bca318ff21e3dc9393ceb395a
assets/jquery.fakecrop.js:
  development: 2018-01-29T11:36:02+08:00   470f868020eeab5c1b3f5e696041659a
assets/jquery.fancybox.css:
  development: 2018-01-29T11:36:02+08:00   ab142e2fbffd4ed59a00f10a722d8e32
assets/jquery.fancybox.pack.js:
  development: 2018-01-29T11:36:03+08:00   41b65cfa08266ca37c45c36aaef9d5a9
assets/jquery.flexslider-min.js:
  development: 2018-01-29T11:36:03+08:00   3634ce141cc466b1375b7703da53d3f8
assets/jquery.fullPage.js:
  development: 2018-01-29T11:36:03+08:00   d402c35e6ea04053c9295de6ba6970ba
assets/jquery.history.js:
  development: 2018-01-29T11:36:03+08:00   85b23b30cba499edfb22ad402f3d5d2b
assets/jquery.jcarousel.latest.min.js:
  development: 2018-01-29T11:36:03+08:00   6221a71cb6ea4433a3aa9beddabbef4d
assets/jquery.magnific-popup.js:
  development: 2018-01-29T11:36:03+08:00   4bd7b3fe063f6c5dd205316245099f6d
assets/jquery.pick.js:
  development: 2018-01-29T11:36:03+08:00   f96ddbc0b3ffddf2cbfabf035a5c6889
assets/jquery.plugin.min.js:
  development: 2018-01-29T11:36:04+08:00   2452a57e9fedb81cd39f90753d3fb7b4
assets/jquery.products.min.js:
  development: 2018-01-29T11:36:04+08:00   31e7af51b65805116cb8c28834cd98dc
assets/jquery.revolution.tools.min.js:
  development: 2018-01-29T11:36:04+08:00   360bd142ca616eac1e60331c405a4358
assets/jquery.themepunch.revolution.min.js:
  development: 2018-01-29T11:36:04+08:00   b61efcbe715a15ba38d1caef71e28a73
assets/jquery.touchwipe.js:
  development: 2018-01-29T11:36:04+08:00   6fd185b32aa7350df54fd1d56b04700d
assets/lazyloadxt.js:
  development: 2018-01-29T11:36:04+08:00   c859fae86edda264349b36070d6408a4
assets/line-menu.jpg:
  development: 2018-01-29T11:36:05+08:00   8eec80bd8a796de8f2502e7513453f32
assets/loading-top.gif:
  development: 2018-01-29T11:36:05+08:00   b5e24db8f84eb4eac09c88f804f36df2
assets/loading.gif:
  development: 2018-01-29T11:36:05+08:00   19df9250795ee08e7c07c9f342422657
assets/logo-sticky.png:
  development: 2018-01-29T11:36:05+08:00   b28f5bed95507630e9cd7d80dbcf17f4
assets/logo.png:
  development: 2018-01-29T11:36:05+08:00   5f08e2ef72db453847a3a36933b5d9c5
assets/logo_footer_top.png:
  development: 2018-01-29T11:36:05+08:00   6a919d92226d5a928c778667de4e35da
assets/logo_popupnews.png:
  development: 2018-01-29T11:36:06+08:00   88c4ae0bbfe8adf69e7dd3791c4d140a
assets/magnific-popup.min.js:
  development: 2018-01-29T11:36:06+08:00   f582b5a67f5dbfb2b25e0a1ea8cbb080
assets/masonry.js:
  development: 2018-01-29T11:36:06+08:00   a6b726ee7fce43453a6eb25e8a1cb819
assets/match-media.min.js:
  development: 2018-01-29T11:36:06+08:00   d0bf06c458a236dcca39b3be8cf80ec5
assets/mega_col_1_1.png:
  development: 2018-01-29T11:36:07+08:00   0df017b853835126f3bfc1421a1fc933
assets/mega_col_4_1.png:
  development: 2018-01-29T11:36:07+08:00   a3dcc8e4832cb3b04bcd012a4385e112
assets/mega_col_4_2.png:
  development: 2018-01-29T11:36:07+08:00   b7a170c34238b099e676deb96dfdf1e2
assets/mega_col_4_3.png:
  development: 2018-01-29T11:36:07+08:00   426b40b226809cf7f94c9a73cb970d05
assets/mega_col_4_4.png:
  development: 2018-01-29T11:36:07+08:00   f3c1d97a4beff2d1d13fa5da78c255c0
assets/mega_col_4_5.png:
  development: 2018-01-29T11:36:08+08:00   32e496c36807e8e7fc3f45ce9d0c02ce
assets/mega_col_4_6.png:
  development: 2018-01-29T11:36:08+08:00   76cb6c86b3a412b3702a704dbff67c93
assets/mega_images_1.jpg:
  development: 2018-01-29T11:36:08+08:00   974905509bc6af032f999dca8f7614c5
assets/mega_images_2.jpg:
  development: 2018-01-29T11:36:08+08:00   3e86bd6d8d6997271ee65d51ceef3777
assets/mm-init.js:
  development: 2018-01-29T11:36:08+08:00   489c00e1c529a36360a509a3a30c4f14
assets/modernizr.custom.js:
  development: 2018-01-29T11:36:09+08:00   02009db489ef4805210aafa21a6b8276
assets/modernizr.js:
  development: 2018-01-29T11:36:09+08:00   7710ac5fd1f24229d5d7ba401f7fd6b8
assets/modernizr.min.js:
  development: 2018-01-29T11:36:09+08:00   e8a7c9329f429b2b271e31c540e61075
assets/newsletter-bg.png:
  development: 2018-01-29T11:36:09+08:00   7131006a31fd201c428b03fecc411d14
assets/orange.png:
  development: 2018-01-29T11:36:09+08:00   593f9927105dfb83899bf14065de52d5
assets/owl.carousel.min.js:
  development: 2018-01-29T11:36:09+08:00   86df213d26153df8f9b9f3bf1035334b
assets/owl.theme.css:
  development: 2018-01-29T11:36:09+08:00   96ff5984357c1e8dea21edce530ca2e4
assets/payment_1.png:
  development: 2018-01-29T11:36:10+08:00   6579bca1ba6e9e6f54cf8ac3c610b8ab
assets/payment_2.png:
  development: 2018-01-29T11:36:10+08:00   3acca8d0266f4f191d0fab75245bb4ae
assets/payment_3.png:
  development: 2018-01-29T11:36:10+08:00   9c97f13166e9f268dc399cf8b883fda2
assets/payment_4.png:
  development: 2018-01-29T11:36:10+08:00   7fafc9102477387c927f4bfffc6be1b5
assets/payment_5.png:
  development: 2018-01-29T11:36:10+08:00   f1eab37996128106b54622705826ac5a
assets/payment_6.png:
  development: 2018-01-29T11:36:10+08:00   fb941870babe79c6d7b801db2f21806f
assets/pink.png:
  development: 2018-01-29T11:36:10+08:00   7178a47a9945d7d8454916519f8e898c
assets/red.png:
  development: 2018-01-29T11:36:11+08:00   a208d4c2d434375a305c16184562ad15
assets/responsive.css.liquid:
  development: 2018-02-02T12:58:39+08:00   f282b5ec0aaeebac5165d9ec72588f05
assets/retina-responsive.css:
  development: 2018-01-29T11:36:11+08:00   a21f1e6e34c44eca91186e5a1f37f491
assets/retina.js:
  development: 2018-01-29T11:36:11+08:00   aaedb2c3e24dbe73f2d5d717a60a52d2
assets/s-loading.gif:
  development: 2018-01-29T11:36:11+08:00   19df9250795ee08e7c07c9f342422657
assets/sca-jquery.fancybox.css:
  development: 2018-01-29T11:36:11+08:00   3bf647fcd6ab1b98a4fddcb72ed64320
assets/sca-quick-view.css:
  development: 2018-01-29T11:36:11+08:00   a21660b7d117a9e47390ca286efca3b5
assets/sca-qv-no-image.jpg:
  development: 2018-01-29T11:36:12+08:00   0688db33c9498c71d7f258d6d56918d8
assets/selectize.bootstrap3.css:
  development: 2018-01-29T11:36:12+08:00   6d95a26396923c23e54686bc0194d4e3
assets/selectize.min.js:
  development: 2018-02-02T12:57:38+08:00   2cf21830bef2203e6853a019022574b7
assets/share_email_image.png:
  development: 2018-01-29T11:36:12+08:00   55b8d7e54a87ef26d7b5fb6beb096a63
assets/social.png:
  development: 2018-01-29T11:36:12+08:00   c5bff179f5815f35766f2913a84b0e61
assets/soldout-1.png:
  development: 2018-01-29T11:36:12+08:00   5358729b688307cb11132bd7f047c293
assets/soldout.png:
  development: 2018-01-29T11:36:13+08:00   6a7697db19e17aae7568e216c2b365af
assets/special-offers.js:
  development: 2018-01-29T11:36:13+08:00   605312e0453a8e124ecd3f894e028b01
assets/special-offers.scss.liquid:
  development: 2018-01-29T11:36:13+08:00   46026216d4789bf79811b198e2e75d1d
assets/styles-rtl.css:
  development: 2018-01-29T11:36:13+08:00   cd2fad26de0565fa441f1d62d7c6a6eb
assets/styles-setting.css.liquid:
  development: 2018-01-29T11:36:13+08:00   769d13cfdd2e51b9987918ba91ead6dd
assets/styles.css.liquid:
  development: 2018-02-02T12:57:36+08:00   b7303c69b8b9f0afdd5f19e6bb0cab06
assets/text-title.png:
  development: 2018-01-29T11:36:14+08:00   406f56e52b9ef84002ef9cf2f4b89898
assets/theme.js:
  development: 2018-01-29T11:36:14+08:00   5d07a95075dd292a79e55f3686095c86
assets/timber.scss.liquid:
  development: 2018-01-29T11:36:14+08:00   d285d896163fa79937aa1101ef66eaa2
assets/vendor.js:
  development: 2018-01-29T11:36:14+08:00   f523d6eb9ce902f8dc07578d675a7a7b
assets/vermenuitem_ihtml_1.jpg:
  development: 2018-01-29T11:36:14+08:00   e0668683501b4df59c905b14b5c7abf8
assets/white.css.liquid:
  development: 2018-01-29T11:36:14+08:00   b4c735f303a867dce806939198377a5a
assets/white.png:
  development: 2018-01-29T11:36:15+08:00   f7672da2875f92f2891dc658c26f39b9
assets/wizard.png:
  development: 2018-01-29T11:36:15+08:00   1412d38d605a43092cbc1e46e98de09b
assets/wizard_2x.png:
  development: 2018-01-29T11:36:15+08:00   20e77d83f53bccf1ddf81003e98ba191
assets/wow.min.js:
  development: 2018-01-29T11:36:15+08:00   8ad2440610b7528e2d4e982686c4cd18
assets/yellow.png:
  development: 2018-01-29T11:36:15+08:00   7aeb924d98bd6e57fbc4194881e04886
config/settings_data.json:
  development: 2018-02-02T13:58:56+08:00   0b6580a46e224e2d30ea1d79ce00de25
config/settings_schema.json:
  development: 2018-01-29T11:36:18+08:00   3f657539f7a403b082e6f78ff9eea901
layout/theme-backup-special.liquid:
  development: 2018-01-29T11:36:15+08:00   f1a1d2e4f863c5ed2b53a1442da76a6b
layout/theme.liquid:
  development: 2018-01-29T11:36:15+08:00   7d7d9624df763defd52620d623312850
locales/en.default.json:
  development: 2018-01-29T11:36:15+08:00   a0be4b920175350409bfc2075044f419
sections/about-template.liquid:
  development: 2018-01-29T11:35:40+08:00   48c8eb34d32853f686846853e9c33c9d
sections/article-template.liquid:
  development: 2018-01-29T11:35:41+08:00   f6cfa3be14e53bbebc1389848f235697
sections/blog-template.liquid:
  development: 2018-01-29T11:35:41+08:00   8286a4b0753b7e3325fa2a6eda0ca8f9
sections/brand-image.liquid:
  development: 2018-01-29T11:35:41+08:00   5729422ef9c7e7bdd91184d5af29bcd1
sections/collection-template.liquid:
  development: 2018-01-29T11:35:41+08:00   c7349fe8232578d6488aacbaf77a57fd
sections/collection-without-sidebar.liquid:
  development: 2018-01-29T11:35:41+08:00   c9509ba3425ee963a0c992cbbae5511a
sections/contact-template.liquid:
  development: 2018-01-29T11:35:41+08:00   1aee0d614bee93b4334cd8fb26f8e33d
sections/custom-content.liquid:
  development: 2018-01-29T11:35:41+08:00   56c312fc0e3b66a375f2df4772b9e9f1
sections/footer.liquid:
  development: 2018-01-29T11:35:41+08:00   ee1e2cf4d7ddf2e4d8ebc06219cc2547
sections/header.liquid:
  development: 2018-02-02T12:59:36+08:00   20dc6243fe607a9490fc7ed6c5f125e9
sections/home-block-2.liquid:
  development: 2018-01-29T11:35:41+08:00   1460420e41f41415973d03c903d9eaba
sections/home-block-4.liquid:
  development: 2018-01-29T11:35:41+08:00   2f798b9f5d1be6240fcaff1b3f60c571
sections/home-block-icon.liquid:
  development: 2018-01-29T11:35:41+08:00   f78d68289d9c1d4e243f2ee73ee431ce
sections/home-block-timeline.liquid:
  development: 2018-01-29T11:35:41+08:00   dc98fcce34d338a0260cb980188a9363
sections/home-blog.liquid:
  development: 2018-01-29T11:35:41+08:00   c09339cf0ee0b804e51f7ba28143a733
sections/home-instagram.liquid:
  development: 2018-01-29T11:35:41+08:00   f208cf5ae49085b4009a3da259a9c440
sections/home-product-slide.liquid:
  development: 2018-01-29T11:35:41+08:00   f28ad809fb2ca7279086fd03f5cedf06
sections/lookbook.liquid:
  development: 2018-01-29T11:35:41+08:00   38f6f468d2c38560a6e323ee90d02f5d
sections/newsletter.liquid:
  development: 2018-01-29T11:35:41+08:00   e7749ae35559ebc80b09bb76d690be3a
sections/product-loadmore.liquid:
  development: 2018-01-29T11:35:41+08:00   6f10889d2652e111c9c23d8220a533cd
sections/product-template.liquid:
  development: 2018-02-02T12:59:59+08:00   95552a3a7101bddc9c1b1601d311c4cf
sections/slideshow.liquid:
  development: 2018-01-29T11:35:41+08:00   eea2e18b253a09bf46d94d71bcfdf700
sections/tabs-product.liquid:
  development: 2018-01-29T11:35:41+08:00   94aa09fd5103dc0a6c62597968147e52
snippets/SEOManager-404.liquid:
  development: 2018-01-29T11:36:15+08:00   9b520c96d96efa6f79efe9ca9e313829
snippets/SEOManager.liquid:
  development: 2018-01-29T11:36:15+08:00   87dd8705248977d03bc2110720e709a8
snippets/SEOMetaManager.liquid:
  development: 2018-01-29T11:36:15+08:00   63248d1bdd7cdcb0e8ba9bfd7ea6e95a
snippets/about-icon.liquid:
  development: 2018-01-29T11:36:15+08:00   f4db05636e87035182c28c73196f97fe
snippets/add-to-link.liquid:
  development: 2018-01-29T11:36:15+08:00   4ce5143874dfed8855c4653a3090ce04
snippets/ajaxify-cart-so.liquid:
  development: 2018-01-29T11:36:15+08:00   8b4c7e60f944e03c98c66b707b6e6496
snippets/blog-images.liquid:
  development: 2018-01-29T11:36:15+08:00   6efa6de37b71102feda9ed476a5e0179
snippets/blog-newsletter.liquid:
  development: 2018-01-29T11:36:15+08:00   670017f77863c8b24c7c57eda839650b
snippets/brands.liquid:
  development: 2018-01-29T11:36:15+08:00   e5adfe0a8da3d27cd6be55644833c8b0
snippets/breadcrumb.liquid:
  development: 2018-01-29T11:36:15+08:00   823d26d20fed0d628f65aad145fd4286
snippets/buddha-megamenu-before.liquid:
  development: 2018-01-29T11:36:15+08:00
snippets/buddha-megamenu-wireframe.liquid:
  development: 2018-01-29T11:36:15+08:00   db54e0db58b1dbf6d6a2a2316c38e2b5
snippets/buddha-megamenu.liquid:
  development: 2018-01-29T11:36:15+08:00   20be29ccc7c35b1e5ef24ae59d9bc410
snippets/canvas-menu.liquid:
  development: 2018-01-29T11:36:15+08:00   15e1ee9b97ba0ac8ec9e5a649f958d45
snippets/carousel-product.liquid:
  development: 2018-01-29T11:36:15+08:00   de49a4f127f282beeee46f1421e7d3ff
snippets/carousel-saler.liquid:
  development: 2018-01-29T11:36:15+08:00   887c044f1e87a4d04d497230ee7c9322
snippets/collection-grid-item.liquid:
  development: 2018-01-29T11:36:16+08:00   5c7e574f934580b120c619abfb70a96e
snippets/collection-right.liquid:
  development: 2018-01-29T11:36:16+08:00   a254f4cd73a08b4d540924c4428f0b74
snippets/collection-sidebar-shop-by-blocks.liquid:
  development: 2018-01-29T11:36:16+08:00   c41d079fddb41073e4750d9181000222
snippets/collection-sidebar.liquid:
  development: 2018-01-29T11:36:16+08:00   39b8f55b6d89cb1a0f03b5a6c67d37f3
snippets/collection-tags.liquid:
  development: 2018-01-29T11:36:16+08:00   e4e49ab51fcc74e0a487be00d911d824
snippets/comment.liquid:
  development: 2018-01-29T11:36:16+08:00   e3539c0c7fd1109e0374417fdfb8802a
snippets/content-shortcode.liquid:
  development: 2018-01-29T11:36:16+08:00   92401ee20aaae944c824fcba026ce61c
snippets/font-family.liquid:
  development: 2018-01-29T11:36:16+08:00   cc9cdcc2435de158857275cc8b78ea50
snippets/footer-flick.liquid:
  development: 2018-01-29T11:36:16+08:00   88c3b794c90175e673fe9942e0c83101
snippets/footer_scripts.liquid:
  development: 2018-01-29T11:36:16+08:00   59c464ce31c3a4297cfe2e1a64f1c39a
snippets/form-errors-custom.liquid:
  development: 2018-01-29T11:36:16+08:00   852b09fb1ec4eae37678e746d93c1f7d
snippets/head_scripts.liquid:
  development: 2018-01-29T11:36:16+08:00   028aaa1b93952caf4e28729df3e5da66
snippets/header-icon-social.liquid:
  development: 2018-01-29T11:36:16+08:00   28dfd6910b735c3c44729b3b258c84a5
snippets/header-search-cart.liquid:
  development: 2018-01-29T11:36:16+08:00   6a1eb0745871e896a7be167e2fddd35e
snippets/hear-about-us.liquid:
  development: 2018-01-29T11:36:16+08:00   14a1961d70ce70138e46fff403defe8e
snippets/home-block-category.liquid:
  development: 2018-01-29T11:36:16+08:00   5b55a06599360b750cb33536bb821d2b
snippets/home-brand.liquid:
  development: 2018-01-29T11:36:16+08:00   cf1e12007f4cd3a0d01ac267a4d46108
snippets/home-page-product2.liquid:
  development: 2018-01-29T11:36:16+08:00   623b90a4f2e33e142f047fc02256634d
snippets/home-revolution.liquid:
  development: 2018-01-29T11:36:16+08:00   71e2c3bd3e32c97ad9b9bdccd2572129
snippets/home-tab-product.liquid:
  development: 2018-01-29T11:36:16+08:00   c72082d4e59f596f5242eed2242464aa
snippets/home_tab_product_grid_item.liquid:
  development: 2018-01-29T11:36:16+08:00   f910490594bd2edfc5c82c628e8f8ec9
snippets/homepage-block-newsletter.liquid:
  development: 2018-01-29T11:36:16+08:00   03d58c93098ba73abcaf72043e5fd663
snippets/icon-quote.liquid:
  development: 2018-01-29T11:36:16+08:00   e710949f7a142dfc3c4fac15c33bb2fa
snippets/icon-social.liquid:
  development: 2018-01-29T11:36:16+08:00   fd401f94fd83879dc5ba61c12da33299
snippets/instagram.liquid:
  development: 2018-01-29T11:36:16+08:00   ef466ab0a9db9e029d3b86633f7c4ff0
snippets/isotope-product.liquid:
  development: 2018-01-29T11:36:16+08:00   5ee676d5974f8f5cdbb3d8bbe6344028
snippets/linklists.liquid:
  development: 2018-01-29T11:36:16+08:00   7c5409312cb768f62362d91b4fb54ed3
snippets/lion-wholesale.liquid:
  development: 2018-01-29T11:36:16+08:00   afda26839e719f0156fca5da59478a25
snippets/load-more-product-item.liquid:
  development: 2018-01-29T11:36:16+08:00   9ae4fb09120b01dde36751c4ec578aee
snippets/megamenu_1.liquid:
  development: 2018-01-29T11:36:16+08:00   75aa79a60a47be926d038599a8f70feb
snippets/megamenu_2.liquid:
  development: 2018-01-29T11:36:16+08:00   9d39ec97a2d514f42de575c1738a3358
snippets/menu-blockhtml.liquid:
  development: 2018-01-29T11:36:16+08:00   157f883c170f69df99f84902a6839807
snippets/menu-blocklinks.liquid:
  development: 2018-01-29T11:36:16+08:00   effd656197a14e6e61eebe306152d364
snippets/menu-blocklinks2.liquid:
  development: 2018-01-29T11:36:16+08:00   d7c3ae0ecf1c1c096e3dd55dbafaf5eb
snippets/menu-blockproducts.liquid:
  development: 2018-01-29T11:36:16+08:00   df647fe77c2f621f2c75b39521d8f43a
snippets/menu-blockvideos.liquid:
  development: 2018-01-29T11:36:16+08:00   988e27346841f84dde5eea0865024fa9
snippets/menu-mobile.liquid:
  development: 2018-01-29T11:36:16+08:00   08d17774c2a740cd54ec8112603259c0
snippets/message-modal.liquid:
  development: 2018-01-29T11:36:16+08:00   2c3c06c26fa02f04992fde6a026eabc8
snippets/new-currency-top.liquid:
  development: 2018-01-29T11:36:16+08:00   7c042e88814aea81e47053c8a976a645
snippets/new-currency.liquid:
  development: 2018-01-29T11:36:16+08:00   ff5fab5faf2b7d0e4e6b17519956ded5
snippets/newsletter-form.liquid:
  development: 2018-01-29T11:36:16+08:00   e19565c4e059afaf86fe42d7920ce45c
snippets/page-header.liquid:
  development: 2018-01-29T11:36:16+08:00   639513db73828d5ea73ead6526b0df4f
snippets/pagination-page.liquid:
  development: 2018-01-29T11:36:16+08:00   36a8d6d9fa561afe651839e4be5023c1
snippets/pagination.liquid:
  development: 2018-01-29T11:36:16+08:00   d05ba1aff570407c0681f501b6c519bd
snippets/popup-newsletter.liquid:
  development: 2018-01-29T11:36:16+08:00   d8a1424b3205977655c49adf7f3b08b1
snippets/product-collection-item.liquid:
  development: 2018-01-29T11:36:16+08:00   42e33a77ad5615e7321870eae45cd780
snippets/product-grid-item-category.liquid:
  development: 2018-01-29T14:37:50+08:00   8bc7a8c883103bf12c3585aa923e082f
snippets/product-grid-item-sidebar.liquid:
  development: 2018-01-29T11:36:16+08:00   a2dc9cd4430030c32065a94d3e375a09
snippets/product-grid-item.liquid:
  development: 2018-01-29T11:36:16+08:00   9062951cc00f2e08db64d6625ae55e63
snippets/product-item-image-hover.liquid:
  development: 2018-01-29T11:36:16+08:00   d3bfd44eb85190b43faf06bfdb8cbf9f
snippets/product-item-image-swatch.liquid:
  development: 2018-01-29T11:36:16+08:00   68e039ee349fcdacbac125374ba61600
snippets/product-list-item.liquid:
  development: 2018-01-29T11:36:16+08:00   e36b2bafc2b20c702d7e703324d70b08
snippets/product-sidebar.liquid:
  development: 2018-01-29T11:36:16+08:00   e10c40c1e6b7cb3604f71595bf32362a
snippets/product-tab-content-shortcode.liquid:
  development: 2018-01-29T11:36:16+08:00   bb80b073591fd89f30d235c00792bceb
snippets/product-tabs-item.liquid:
  development: 2018-01-29T11:36:16+08:00   c7f76a2f8ea653449518a16490835f25
snippets/quick-view-product.liquid:
  development: 2018-01-29T11:36:16+08:00   85ba1a72ade4494dafc0d04ef8c75420
snippets/related-product-item.liquid:
  development: 2018-01-29T11:36:16+08:00   8fa424d9aaa25a150d34d29ea23262c8
snippets/related-products-by-tags.liquid:
  development: 2018-01-29T11:36:17+08:00   a149b356a1786b3a014cbb4dd508042b
snippets/related-products.liquid:
  development: 2018-01-29T11:36:17+08:00   3b2b08f28f1b336ef9ccef1a154acc42
snippets/search-autocomplete.liquid:
  development: 2018-02-02T16:31:38+08:00   d6305d2b3ba91b9601584a6c1fbeb4d6
snippets/search-bar.liquid:
  development: 2018-02-01T15:32:15+08:00   61553356a5d347aded949f2dffd41c5e
snippets/search-result-grid.liquid:
  development: 2018-01-29T11:36:17+08:00   6ff429fa3e0ceed221c1fcf53d7a3deb
snippets/search-result.liquid:
  development: 2018-01-29T11:36:17+08:00   f39ab609d59b2a7486f0f71e098425c8
snippets/shipping-rates-calculator.liquid:
  development: 2018-01-29T11:36:17+08:00   f8475b2e725b5ed3c83746f7567ca816
snippets/shortcode-accordion.liquid:
  development: 2018-01-29T11:36:17+08:00   65396283d7dab2c3175a232dd803c657
snippets/site-nav-2.liquid:
  development: 2018-01-29T11:36:17+08:00   8a939e1134ed3c97a8d4d58653dcc54d
snippets/site-nav.liquid:
  development: 2018-01-29T11:36:17+08:00   2c5eac72f706b4bbd5f7439a22fe9d70
snippets/social-sharing.liquid:
  development: 2018-01-29T11:36:17+08:00   df66127392b32e401ac2dd2963c78047
snippets/special-offers-templates.liquid:
  development: 2018-01-29T11:36:17+08:00   622c6a6163dc1a14057673c0aa864f9e
snippets/special-offers.liquid:
  development: 2018-01-29T11:36:17+08:00   37d58aa4db8ff8097d747ea56d2f0372
snippets/swatch.liquid:
  development: 2018-01-29T11:36:17+08:00   2102c20364dccbc6f14576fda131f648
snippets/swatch_scripts.liquid:
  development: 2018-01-29T11:36:17+08:00   165c736f88f421df154a6e3181673426
snippets/tags-article.liquid:
  development: 2018-01-29T11:36:17+08:00   6eaf70d01fe264e562fb2513805cc535
snippets/toolbar.liquid:
  development: 2018-01-29T11:36:17+08:00   5c4216e9567aeaa49db51f0e2e6a33c1
snippets/translator.liquid:
  development: 2018-01-29T11:36:17+08:00   0a62dafda4234f527fe8a7012fda259d
snippets/wholesaler-product-price.liquid:
  development: 2018-01-29T11:36:17+08:00   5ace558e6f55d88d937e220a432ded73
snippets/wholesaler-variant-select.liquid:
  development: 2018-01-29T11:36:17+08:00   dfe4adf6405e6f9098ed2ae775e24be6
snippets/widget_article.liquid:
  development: 2018-01-29T11:36:17+08:00   ad48d971be14f296ca27a1b1a482ec12
snippets/wishlist-page.liquid:
  development: 2018-01-29T11:36:17+08:00   1ddcfe3f886831112831342613cb9b32
snippets/wishlist-product-search.liquid:
  development: 2018-01-29T11:36:17+08:00   6da136f9740fb6b160ad736c7b53c1c6
snippets/wishlist-product.liquid:
  development: 2018-01-29T11:36:17+08:00   fe4fdf20f6c1ce3f8ba2c37101ea5f6b
templates/404.liquid:
  development: 2018-01-29T11:36:17+08:00   be3fc683fdeceb74b8af24b243476a20
templates/404.preSEOManager.liquid:
  development: 2018-01-29T11:36:17+08:00   bb040e5b08a2c96cab1d51b66c5103cc
templates/article.liquid:
  development: 2018-01-29T11:36:17+08:00   ae3abecab3adfdc909fc30d165c5308e
templates/blog.liquid:
  development: 2018-01-29T11:36:17+08:00   329ab4c1f7fd44efa5c4e8767287dfbe
templates/cart-backup-special.liquid:
  development: 2018-01-29T11:36:17+08:00   e033881dc1379b06db76c56538a0f17a
templates/cart.liquid:
  development: 2018-01-29T11:36:17+08:00   22a2a53973e5a1e5116599a96b854c43
templates/collection.liquid:
  development: 2018-01-29T11:36:17+08:00   8ab48da5fd35d671b711c21a3d007033
templates/collection.list.liquid:
  development: 2018-01-29T11:36:17+08:00   7ee418842927c5796c73cfcd8d26c822
templates/customers/account.liquid:
  development: 2018-01-29T11:36:17+08:00   7ab4d8499c9753bb09d2a9da77830a40
templates/customers/activate_account.liquid:
  development: 2018-01-29T11:36:17+08:00   dfe44dcce6f963f34d205f86043033de
templates/customers/addresses.liquid:
  development: 2018-01-29T11:36:17+08:00   acae56c6ba0e89bbf01df961e21b2394
templates/customers/login.liquid:
  development: 2018-01-29T11:36:17+08:00   51e1010f93d42d09da1285692c1b2f4d
templates/customers/order.liquid:
  development: 2018-01-29T11:36:17+08:00   b11ed2e6941dea7942226222940119e2
templates/customers/register.liquid:
  development: 2018-01-29T11:36:17+08:00   c593bf7abb4066cb732ac111a55b8cc4
templates/customers/reset_password.liquid:
  development: 2018-01-29T11:36:17+08:00   a3c7064c835dc92a4cde8dcba2d14b07
templates/gift_card.liquid:
  development: 2018-01-29T11:36:17+08:00   b01bce4d6b8a5b4620b34ef67c99071c
templates/index.liquid:
  development: 2018-01-29T11:36:17+08:00   0d0911c13db0f30617e68b80ae0237fb
templates/list-collections.liquid:
  development: 2018-01-29T11:36:17+08:00   3b0f1b9adf843408fcc66a66154e9e67
templates/page.aboutus.liquid:
  development: 2018-01-29T11:36:17+08:00   12c2ec51a6c77110e92afa4a563c9194
templates/page.contact.liquid:
  development: 2018-01-29T11:36:17+08:00   b2b90ccdb82ea3155132e0ae61bb8f3f
templates/page.faqs.liquid:
  development: 2018-01-29T11:36:17+08:00   f51c8bd8d6b33177478e6a5464e898c0
templates/page.liquid:
  development: 2018-01-29T11:36:17+08:00   81ac1029fcbbfdbd3d0e6b3192368ecd
templates/page.wish-list.liquid:
  development: 2018-01-29T11:36:17+08:00   e60d0cb9269ec5e3a2e92466d368332b
templates/password.liquid:
  development: 2018-01-29T11:36:17+08:00   66ad0368adacc5f6aa960a8d4f70d4d0
templates/product.liquid:
  development: 2018-01-29T11:36:18+08:00   a3ecb4d93dd5e06aa75687592d8fd1c9
templates/search.SEOManagerTags.liquid:
  development: 2018-01-29T11:36:18+08:00   50492ed9246da25cb26e58acf47fa9a3
templates/search.json.liquid:
  development: 2018-01-29T11:36:18+08:00   7a97d5021c189523ab12bb3aa20bdcd3
templates/search.liquid:
  development: 2018-01-29T11:36:18+08:00   9feabc73219a7743387ebb6d26fb993c
templates/search.nulls.liquid:
  development: 2018-01-29T11:36:18+08:00   77548065d91f7c180eca627f01869d0f
templates/search.nullsc.liquid:
  development: 2018-01-29T11:36:18+08:00   17af47217e8cd5d3f2ce065d383617ad
